
Microsoft Visual Studio Solution File, Format Version 12.00
# Visual Studio 14
VisualStudioVersion = 14.0.25420.1
MinimumVisualStudioVersion = 10.0.40219.1
Project("{FAE04EC0-301F-11D3-BF4B-00C04F79EFBC}") = "StringGenerator", "StringGenerator\StringGenerator.csproj", "{9123429D-5F60-4717-8B27-9C44F7221C8A}"
EndProject
Project("{FAE04EC0-301F-11D3-BF4B-00C04F79EFBC}") = "StringGenerator2", "StringGenerator2\StringGenerator2.csproj", "{C9A4DF85-E4F6-4E18-98F0-6D151E7F483E}"
EndProject
Global
	GlobalSection(SolutionConfigurationPlatforms) = preSolution
		Debug|Any CPU = Debug|Any CPU
		Release|Any CPU = Release|Any CPU
	EndGlobalSection
	GlobalSection(ProjectConfigurationPlatforms) = postSolution
		{9123429D-5F60-4717-8B27-9C44F7221C8A}.Debug|Any CPU.ActiveCfg = Debug|Any CPU
		{9123429D-5F60-4717-8B27-9C44F7221C8A}.Debug|Any CPU.Build.0 = Debug|Any CPU
		{9123429D-5F60-4717-8B27-9C44F7221C8A}.Release|Any CPU.ActiveCfg = Release|Any CPU
		{9123429D-5F60-4717-8B27-9C44F7221C8A}.Release|Any CPU.Build.0 = Release|Any CPU
		{C9A4DF85-E4F6-4E18-98F0-6D151E7F483E}.Debug|Any CPU.ActiveCfg = Debug|Any CPU
		{C9A4DF85-E4F6-4E18-98F0-6D151E7F483E}.Debug|Any CPU.Build.0 = Debug|Any CPU
		{C9A4DF85-E4F6-4E18-98F0-6D151E7F483E}.Release|Any CPU.ActiveCfg = Release|Any CPU
		{C9A4DF85-E4F6-4E18-98F0-6D151E7F483E}.Release|Any CPU.Build.0 = Release|Any CPU
	EndGlobalSection
	GlobalSection(SolutionProperties) = preSolution
		HideSolutionNode = FALSE
	EndGlobalSection
EndGlobal
